
Microsoft Visual Studio Solution File, Format Version 12.00
# Visual Studio Version 17
VisualStudioVersion = 17.3.32811.315
MinimumVisualStudioVersion = 10.0.40219.1
Project("{9A19103F-16F7-4668-BE54-9A1E7A4F7556}") = "miniTodo.Api", "miniTodo.Api\miniTodo.Api.csproj", "{A912C6E0-2118-42A3-8DA3-53CAA206C875}"
EndProject
Global
	GlobalSection(SolutionConfigurationPlatforms) = preSolution
		Debug|Any CPU = Debug|Any CPU
		Release|Any CPU = Release|Any CPU
	EndGlobalSection
	GlobalSection(ProjectConfigurationPlatforms) = postSolution
		{A912C6E0-2118-42A3-8DA3-53CAA206C875}.Debug|Any CPU.ActiveCfg = Debug|Any CPU
		{A912C6E0-2118-42A3-8DA3-53CAA206C875}.Debug|Any CPU.Build.0 = Debug|Any CPU
		{A912C6E0-2118-42A3-8DA3-53CAA206C875}.Release|Any CPU.ActiveCfg = Release|Any CPU
		{A912C6E0-2118-42A3-8DA3-53CAA206C875}.Release|Any CPU.Build.0 = Release|Any CPU
	EndGlobalSection
	GlobalSection(SolutionProperties) = preSolution
		HideSolutionNode = FALSE
	EndGlobalSection
	GlobalSection(ExtensibilityGlobals) = postSolution
		SolutionGuid = {9F21E33F-2C05-4CBA-8CEB-4965E561BF29}
	EndGlobalSection
EndGlobal
