
Microsoft Visual Studio Solution File, Format Version 12.00
# Visual Studio Version 17
VisualStudioVersion = 17.3.32811.315
MinimumVisualStudioVersion = 10.0.40219.1
Project("{9A19103F-16F7-4668-BE54-9A1E7A4F7556}") = "miniTodo.Api", "miniTodo.Api\miniTodo.Api.csproj", "{A912C6E0-2118-42A3-8DA3-53CAA206C875}"
EndProject
Project("{2150E333-8FDC-42A3-9474-1A3956D46DE8}") = "Data", "Data", "{168AC2A5-2B13-496A-A3BA-10662E8CDCBE}"
EndProject
Project("{9A19103F-16F7-4668-BE54-9A1E7A4F7556}") = "miniTodo.Data", "Data\miniTodo.Data\miniTodo.Data.csproj", "{29D9ACD0-2E20-4FD7-A830-9B2E4AC2D3AE}"
EndProject
Project("{2150E333-8FDC-42A3-9474-1A3956D46DE8}") = "Services", "Services", "{A245D646-99AF-4ED9-8876-59FA1F4FFD62}"
EndProject
Project("{FAE04EC0-301F-11D3-BF4B-00C04F79EFBC}") = "miniTodo.Services.UserAccount", "Services\miniTodo.Services.UserAccount\miniTodo.Services.UserAccount.csproj", "{F7894A17-1BC0-455F-94AA-263102DFD06A}"
EndProject
Project("{FAE04EC0-301F-11D3-BF4B-00C04F79EFBC}") = "miniTodo.Services.JwtSettings", "Services\miniTodo.Services.JwtSettings\miniTodo.Services.JwtSettings.csproj", "{21BF4053-595C-418F-A0F4-551E69232861}"
EndProject
Global
	GlobalSection(SolutionConfigurationPlatforms) = preSolution
		Debug|Any CPU = Debug|Any CPU
		Release|Any CPU = Release|Any CPU
	EndGlobalSection
	GlobalSection(ProjectConfigurationPlatforms) = postSolution
		{A912C6E0-2118-42A3-8DA3-53CAA206C875}.Debug|Any CPU.ActiveCfg = Debug|Any CPU
		{A912C6E0-2118-42A3-8DA3-53CAA206C875}.Debug|Any CPU.Build.0 = Debug|Any CPU
		{A912C6E0-2118-42A3-8DA3-53CAA206C875}.Release|Any CPU.ActiveCfg = Release|Any CPU
		{A912C6E0-2118-42A3-8DA3-53CAA206C875}.Release|Any CPU.Build.0 = Release|Any CPU
		{29D9ACD0-2E20-4FD7-A830-9B2E4AC2D3AE}.Debug|Any CPU.ActiveCfg = Debug|Any CPU
		{29D9ACD0-2E20-4FD7-A830-9B2E4AC2D3AE}.Debug|Any CPU.Build.0 = Debug|Any CPU
		{29D9ACD0-2E20-4FD7-A830-9B2E4AC2D3AE}.Release|Any CPU.ActiveCfg = Release|Any CPU
		{29D9ACD0-2E20-4FD7-A830-9B2E4AC2D3AE}.Release|Any CPU.Build.0 = Release|Any CPU
		{F7894A17-1BC0-455F-94AA-263102DFD06A}.Debug|Any CPU.ActiveCfg = Debug|Any CPU
		{F7894A17-1BC0-455F-94AA-263102DFD06A}.Debug|Any CPU.Build.0 = Debug|Any CPU
		{F7894A17-1BC0-455F-94AA-263102DFD06A}.Release|Any CPU.ActiveCfg = Release|Any CPU
		{F7894A17-1BC0-455F-94AA-263102DFD06A}.Release|Any CPU.Build.0 = Release|Any CPU
		{21BF4053-595C-418F-A0F4-551E69232861}.Debug|Any CPU.ActiveCfg = Debug|Any CPU
		{21BF4053-595C-418F-A0F4-551E69232861}.Debug|Any CPU.Build.0 = Debug|Any CPU
		{21BF4053-595C-418F-A0F4-551E69232861}.Release|Any CPU.ActiveCfg = Release|Any CPU
		{21BF4053-595C-418F-A0F4-551E69232861}.Release|Any CPU.Build.0 = Release|Any CPU
	EndGlobalSection
	GlobalSection(SolutionProperties) = preSolution
		HideSolutionNode = FALSE
	EndGlobalSection
	GlobalSection(NestedProjects) = preSolution
		{29D9ACD0-2E20-4FD7-A830-9B2E4AC2D3AE} = {168AC2A5-2B13-496A-A3BA-10662E8CDCBE}
		{F7894A17-1BC0-455F-94AA-263102DFD06A} = {A245D646-99AF-4ED9-8876-59FA1F4FFD62}
		{21BF4053-595C-418F-A0F4-551E69232861} = {A245D646-99AF-4ED9-8876-59FA1F4FFD62}
	EndGlobalSection
	GlobalSection(ExtensibilityGlobals) = postSolution
		SolutionGuid = {9F21E33F-2C05-4CBA-8CEB-4965E561BF29}
	EndGlobalSection
EndGlobal
